
Microsoft Visual Studio Solution File, Format Version 12.00
# Visual Studio Version 17
VisualStudioVersion = 17.5.002.0
MinimumVisualStudioVersion = 10.0.40219.1
Project("{9A19103F-16F7-4668-BE54-9A1E7A4F7556}") = "wpf", "wpf\wpf.csproj", "{68E72842-AD0E-480D-B434-A33806EB6415}"
EndProject
Global
	GlobalSection(SolutionConfigurationPlatforms) = preSolution
		Debug|Any CPU = Debug|Any CPU
		Release|Any CPU = Release|Any CPU
	EndGlobalSection
	GlobalSection(ProjectConfigurationPlatforms) = postSolution
		{68E72842-AD0E-480D-B434-A33806EB6415}.Debug|Any CPU.ActiveCfg = Debug|Any CPU
		{68E72842-AD0E-480D-B434-A33806EB6415}.Debug|Any CPU.Build.0 = Debug|Any CPU
		{68E72842-AD0E-480D-B434-A33806EB6415}.Release|Any CPU.ActiveCfg = Release|Any CPU
		{68E72842-AD0E-480D-B434-A33806EB6415}.Release|Any CPU.Build.0 = Release|Any CPU
	EndGlobalSection
	GlobalSection(SolutionProperties) = preSolution
		HideSolutionNode = FALSE
	EndGlobalSection
	GlobalSection(ExtensibilityGlobals) = postSolution
		SolutionGuid = {D6D09666-0850-4F3D-BE95-2BD2B57A0B06}
	EndGlobalSection
EndGlobal
